
Microsoft Visual Studio Solution File, Format Version 12.00
# Visual Studio Version 16
VisualStudioVersion = 16.0.30804.86
MinimumVisualStudioVersion = 10.0.40219.1
Project("{8BC9CEB8-8B4A-11D0-8D11-00A0C91BC942}") = "skse64_common", "skse64_common\skse64_common.vcxproj", "{5FD1C08D-DB80-480C-A1C6-F0920005CD13}"
EndProject
Project("{8BC9CEB8-8B4A-11D0-8D11-00A0C91BC942}") = "skse64_loader", "skse64_loader\skse64_loader.vcxproj", "{6BDD43E4-A8D9-49CA-9F76-954718F295EE}"
EndProject
Project("{8BC9CEB8-8B4A-11D0-8D11-00A0C91BC942}") = "skse64_loader_common", "skse64_loader_common\skse64_loader_common.vcxproj", "{FB6E1AEB-69B7-496E-A02C-9776FC0D6E0D}"
EndProject
Project("{8BC9CEB8-8B4A-11D0-8D11-00A0C91BC942}") = "skse64_steam_loader", "skse64_steam_loader\skse64_steam_loader.vcxproj", "{F592B749-2333-4C63-9E97-0EB8FEC4D734}"
EndProject
Project("{8BC9CEB8-8B4A-11D0-8D11-00A0C91BC942}") = "skse64", "skse64\skse64.vcxproj", "{7028B79C-06E3-4D9A-B38C-1DC3680B1BDB}"
EndProject
Project("{8BC9CEB8-8B4A-11D0-8D11-00A0C91BC942}") = "common_vc14", "..\common\common\common_vc14.vcxproj", "{472E19AB-DEF0-42DF-819B-18722E8DC822}"
EndProject
Global
	GlobalSection(SolutionConfigurationPlatforms) = preSolution
		Debug_VC142|x64 = Debug_VC142|x64
		Debug_VC142|x86 = Debug_VC142|x86
		Debug|x64 = Debug|x64
		Debug|x86 = Debug|x86
		Release_VC142|x64 = Release_VC142|x64
		Release_VC142|x86 = Release_VC142|x86
		Release|x64 = Release|x64
		Release|x86 = Release|x86
	EndGlobalSection
	GlobalSection(ProjectConfigurationPlatforms) = postSolution
		{5FD1C08D-DB80-480C-A1C6-F0920005CD13}.Debug_VC142|x64.ActiveCfg = Debug_VC142|x64
		{5FD1C08D-DB80-480C-A1C6-F0920005CD13}.Debug_VC142|x64.Build.0 = Debug_VC142|x64
		{5FD1C08D-DB80-480C-A1C6-F0920005CD13}.Debug_VC142|x86.ActiveCfg = Debug_VC142|x64
		{5FD1C08D-DB80-480C-A1C6-F0920005CD13}.Debug|x64.ActiveCfg = Debug|x64
		{5FD1C08D-DB80-480C-A1C6-F0920005CD13}.Debug|x64.Build.0 = Debug|x64
		{5FD1C08D-DB80-480C-A1C6-F0920005CD13}.Debug|x86.ActiveCfg = Debug|x64
		{5FD1C08D-DB80-480C-A1C6-F0920005CD13}.Release_VC142|x64.ActiveCfg = Release_VC142|x64
		{5FD1C08D-DB80-480C-A1C6-F0920005CD13}.Release_VC142|x64.Build.0 = Release_VC142|x64
		{5FD1C08D-DB80-480C-A1C6-F0920005CD13}.Release_VC142|x86.ActiveCfg = Release_VC142|x64
		{5FD1C08D-DB80-480C-A1C6-F0920005CD13}.Release|x64.ActiveCfg = Release|x64
		{5FD1C08D-DB80-480C-A1C6-F0920005CD13}.Release|x64.Build.0 = Release|x64
		{5FD1C08D-DB80-480C-A1C6-F0920005CD13}.Release|x86.ActiveCfg = Release|x64
		{6BDD43E4-A8D9-49CA-9F76-954718F295EE}.Debug_VC142|x64.ActiveCfg = Debug|x64
		{6BDD43E4-A8D9-49CA-9F76-954718F295EE}.Debug_VC142|x64.Build.0 = Debug|x64
		{6BDD43E4-A8D9-49CA-9F76-954718F295EE}.Debug_VC142|x86.ActiveCfg = Release|x64
		{6BDD43E4-A8D9-49CA-9F76-954718F295EE}.Debug_VC142|x86.Build.0 = Release|x64
		{6BDD43E4-A8D9-49CA-9F76-954718F295EE}.Debug|x64.ActiveCfg = Debug|x64
		{6BDD43E4-A8D9-49CA-9F76-954718F295EE}.Debug|x64.Build.0 = Debug|x64
		{6BDD43E4-A8D9-49CA-9F76-954718F295EE}.Debug|x86.ActiveCfg = Debug|x64
		{6BDD43E4-A8D9-49CA-9F76-954718F295EE}.Release_VC142|x64.ActiveCfg = Release|x64
		{6BDD43E4-A8D9-49CA-9F76-954718F295EE}.Release_VC142|x64.Build.0 = Release|x64
		{6BDD43E4-A8D9-49CA-9F76-954718F295EE}.Release_VC142|x86.ActiveCfg = Release|x64
		{6BDD43E4-A8D9-49CA-9F76-954718F295EE}.Release_VC142|x86.Build.0 = Release|x64
		{6BDD43E4-A8D9-49CA-9F76-954718F295EE}.Release|x64.ActiveCfg = Release|x64
		{6BDD43E4-A8D9-49CA-9F76-954718F295EE}.Release|x64.Build.0 = Release|x64
		{6BDD43E4-A8D9-49CA-9F76-954718F295EE}.Release|x86.ActiveCfg = Release|x64
		{FB6E1AEB-69B7-496E-A02C-9776FC0D6E0D}.Debug_VC142|x64.ActiveCfg = Debug|x64
		{FB6E1AEB-69B7-496E-A02C-9776FC0D6E0D}.Debug_VC142|x64.Build.0 = Debug|x64
		{FB6E1AEB-69B7-496E-A02C-9776FC0D6E0D}.Debug_VC142|x86.ActiveCfg = Release|x64
		{FB6E1AEB-69B7-496E-A02C-9776FC0D6E0D}.Debug_VC142|x86.Build.0 = Release|x64
		{FB6E1AEB-69B7-496E-A02C-9776FC0D6E0D}.Debug|x64.ActiveCfg = Debug|x64
		{FB6E1AEB-69B7-496E-A02C-9776FC0D6E0D}.Debug|x64.Build.0 = Debug|x64
		{FB6E1AEB-69B7-496E-A02C-9776FC0D6E0D}.Debug|x86.ActiveCfg = Debug|x64
		{FB6E1AEB-69B7-496E-A02C-9776FC0D6E0D}.Release_VC142|x64.ActiveCfg = Release|x64
		{FB6E1AEB-69B7-496E-A02C-9776FC0D6E0D}.Release_VC142|x64.Build.0 = Release|x64
		{FB6E1AEB-69B7-496E-A02C-9776FC0D6E0D}.Release_VC142|x86.ActiveCfg = Release|x64
		{FB6E1AEB-69B7-496E-A02C-9776FC0D6E0D}.Release_VC142|x86.Build.0 = Release|x64
		{FB6E1AEB-69B7-496E-A02C-9776FC0D6E0D}.Release|x64.ActiveCfg = Release|x64
		{FB6E1AEB-69B7-496E-A02C-9776FC0D6E0D}.Release|x64.Build.0 = Release|x64
		{FB6E1AEB-69B7-496E-A02C-9776FC0D6E0D}.Release|x86.ActiveCfg = Release|x64
		{F592B749-2333-4C63-9E97-0EB8FEC4D734}.Debug_VC142|x64.ActiveCfg = Debug|x64
		{F592B749-2333-4C63-9E97-0EB8FEC4D734}.Debug_VC142|x64.Build.0 = Debug|x64
		{F592B749-2333-4C63-9E97-0EB8FEC4D734}.Debug_VC142|x86.ActiveCfg = Release|x64
		{F592B749-2333-4C63-9E97-0EB8FEC4D734}.Debug_VC142|x86.Build.0 = Release|x64
		{F592B749-2333-4C63-9E97-0EB8FEC4D734}.Debug|x64.ActiveCfg = Debug|x64
		{F592B749-2333-4C63-9E97-0EB8FEC4D734}.Debug|x64.Build.0 = Debug|x64
		{F592B749-2333-4C63-9E97-0EB8FEC4D734}.Debug|x86.ActiveCfg = Debug|x64
		{F592B749-2333-4C63-9E97-0EB8FEC4D734}.Release_VC142|x64.ActiveCfg = Release|x64
		{F592B749-2333-4C63-9E97-0EB8FEC4D734}.Release_VC142|x64.Build.0 = Release|x64
		{F592B749-2333-4C63-9E97-0EB8FEC4D734}.Release_VC142|x86.ActiveCfg = Release|x64
		{F592B749-2333-4C63-9E97-0EB8FEC4D734}.Release_VC142|x86.Build.0 = Release|x64
		{F592B749-2333-4C63-9E97-0EB8FEC4D734}.Release|x64.ActiveCfg = Release|x64
		{F592B749-2333-4C63-9E97-0EB8FEC4D734}.Release|x64.Build.0 = Release|x64
		{F592B749-2333-4C63-9E97-0EB8FEC4D734}.Release|x86.ActiveCfg = Release|x64
		{7028B79C-06E3-4D9A-B38C-1DC3680B1BDB}.Debug_VC142|x64.ActiveCfg = Debug_VC142|x64
		{7028B79C-06E3-4D9A-B38C-1DC3680B1BDB}.Debug_VC142|x64.Build.0 = Debug_VC142|x64
		{7028B79C-06E3-4D9A-B38C-1DC3680B1BDB}.Debug_VC142|x86.ActiveCfg = Debug_VC142|x64
		{7028B79C-06E3-4D9A-B38C-1DC3680B1BDB}.Debug|x64.ActiveCfg = Debug|x64
		{7028B79C-06E3-4D9A-B38C-1DC3680B1BDB}.Debug|x64.Build.0 = Debug|x64
		{7028B79C-06E3-4D9A-B38C-1DC3680B1BDB}.Debug|x86.ActiveCfg = Debug|x64
		{7028B79C-06E3-4D9A-B38C-1DC3680B1BDB}.Release_VC142|x64.ActiveCfg = Release_VC142|x64
		{7028B79C-06E3-4D9A-B38C-1DC3680B1BDB}.Release_VC142|x64.Build.0 = Release_VC142|x64
		{7028B79C-06E3-4D9A-B38C-1DC3680B1BDB}.Release_VC142|x86.ActiveCfg = Release_VC142|x64
		{7028B79C-06E3-4D9A-B38C-1DC3680B1BDB}.Release|x64.ActiveCfg = Release|x64
		{7028B79C-06E3-4D9A-B38C-1DC3680B1BDB}.Release|x64.Build.0 = Release|x64
		{7028B79C-06E3-4D9A-B38C-1DC3680B1BDB}.Release|x86.ActiveCfg = Release|x64
		{472E19AB-DEF0-42DF-819B-18722E8DC822}.Debug_VC142|x64.ActiveCfg = Debug_VC142|x64
		{472E19AB-DEF0-42DF-819B-18722E8DC822}.Debug_VC142|x64.Build.0 = Debug_VC142|x64
		{472E19AB-DEF0-42DF-819B-18722E8DC822}.Debug_VC142|x86.ActiveCfg = Debug_VC142|x64
		{472E19AB-DEF0-42DF-819B-18722E8DC822}.Debug|x64.ActiveCfg = Debug|x64
		{472E19AB-DEF0-42DF-819B-18722E8DC822}.Debug|x64.Build.0 = Debug|x64
		{472E19AB-DEF0-42DF-819B-18722E8DC822}.Debug|x86.ActiveCfg = Debug|x64
		{472E19AB-DEF0-42DF-819B-18722E8DC822}.Release_VC142|x64.ActiveCfg = Release_VC142|x64
		{472E19AB-DEF0-42DF-819B-18722E8DC822}.Release_VC142|x64.Build.0 = Release_VC142|x64
		{472E19AB-DEF0-42DF-819B-18722E8DC822}.Release_VC142|x86.ActiveCfg = Release_VC142|x64
		{472E19AB-DEF0-42DF-819B-18722E8DC822}.Release|x64.ActiveCfg = Release|x64
		{472E19AB-DEF0-42DF-819B-18722E8DC822}.Release|x64.Build.0 = Release|x64
		{472E19AB-DEF0-42DF-819B-18722E8DC822}.Release|x86.ActiveCfg = Release|x64
	EndGlobalSection
	GlobalSection(SolutionProperties) = preSolution
		HideSolutionNode = FALSE
	EndGlobalSection
	GlobalSection(ExtensibilityGlobals) = postSolution
		SolutionGuid = {26709489-1263-455B-B795-1D8468709B7A}
	EndGlobalSection
EndGlobal
